
Microsoft Visual Studio Solution File, Format Version 12.00
# Visual Studio 15
VisualStudioVersion = 15.0.26014.0
MinimumVisualStudioVersion = 10.0.40219.1
Project("{FAE04EC0-301F-11D3-BF4B-00C04F79EFBC}") = "TestConsole", "src\TestConsole\TestConsole.csproj", "{3A765B51-1B72-46A3-A13F-EF5D0E573C9B}"
EndProject
Project("{2150E333-8FDC-42A3-9474-1A3956D46DE8}") = "PlugInBase", "PlugInBase", "{2AADEEB1-7D75-4BDA-8CBC-BD1095D5E079}"
EndProject
Project("{2150E333-8FDC-42A3-9474-1A3956D46DE8}") = "PlugIn", "PlugIn", "{67E7F0CC-836B-4AA9-857A-89B11962B636}"
EndProject
Project("{FAE04EC0-301F-11D3-BF4B-00C04F79EFBC}") = "DotNetStub", "src\PlugInBase\DotNetStub\DotNetStub.csproj", "{0A6D5714-05E5-41EA-AE9F-4ECFFEEEAD38}"
EndProject
Project("{9A19103F-16F7-4668-BE54-9A1E7A4F7556}") = "PlugInProxy", "src\PlugInBase\PlugInProxy\PlugInProxy.csproj", "{E490AD0A-2022-4659-B6DF-095E16C2F969}"
EndProject
Project("{888888A0-9F3D-457C-B088-3A5042F75D52}") = "PythonStub", "src\PlugInBase\PythonStub\PythonStub.pyproj", "{8EF3A9F3-099C-484A-89C0-D4924DFA0D05}"
EndProject
Project("{9A19103F-16F7-4668-BE54-9A1E7A4F7556}") = "IPCPlugIn", "src\PlugInBase\IPCPlugIn\IPCPlugIn.csproj", "{D280CFE3-DF71-4F87-9110-6B315F75641E}"
EndProject
Project("{888888A0-9F3D-457C-B088-3A5042F75D52}") = "PythonEchoPlugIn", "src\PlugIn\PythonEchoPlugIn\PythonEchoPlugIn.pyproj", "{2210A283-7A31-46DA-A7D1-F5CEA6172025}"
EndProject
Project("{FAE04EC0-301F-11D3-BF4B-00C04F79EFBC}") = "DotNetEchoPlugIn", "src\PlugIn\DotNetEchoPlugIn\DotNetEchoPlugIn.csproj", "{3D81BA4A-7D51-487F-9364-CE1F9FC5D0E5}"
EndProject
Project("{FAE04EC0-301F-11D3-BF4B-00C04F79EFBC}") = "DotNetPlugIn", "src\PlugInBase\DotNetPlugIn\DotNetPlugIn.csproj", "{856AC890-5A6B-4CF7-838F-111B804A98AD}"
EndProject
Global
	GlobalSection(SolutionConfigurationPlatforms) = preSolution
		Debug|Any CPU = Debug|Any CPU
		Debug|x64 = Debug|x64
		Debug|x86 = Debug|x86
		Release|Any CPU = Release|Any CPU
		Release|x64 = Release|x64
		Release|x86 = Release|x86
	EndGlobalSection
	GlobalSection(ProjectConfigurationPlatforms) = postSolution
		{3A765B51-1B72-46A3-A13F-EF5D0E573C9B}.Debug|Any CPU.ActiveCfg = Debug|Any CPU
		{3A765B51-1B72-46A3-A13F-EF5D0E573C9B}.Debug|Any CPU.Build.0 = Debug|Any CPU
		{3A765B51-1B72-46A3-A13F-EF5D0E573C9B}.Debug|x64.ActiveCfg = Debug|x64
		{3A765B51-1B72-46A3-A13F-EF5D0E573C9B}.Debug|x64.Build.0 = Debug|x64
		{3A765B51-1B72-46A3-A13F-EF5D0E573C9B}.Debug|x86.ActiveCfg = Debug|x86
		{3A765B51-1B72-46A3-A13F-EF5D0E573C9B}.Debug|x86.Build.0 = Debug|x86
		{3A765B51-1B72-46A3-A13F-EF5D0E573C9B}.Release|Any CPU.ActiveCfg = Release|Any CPU
		{3A765B51-1B72-46A3-A13F-EF5D0E573C9B}.Release|Any CPU.Build.0 = Release|Any CPU
		{3A765B51-1B72-46A3-A13F-EF5D0E573C9B}.Release|x64.ActiveCfg = Release|x64
		{3A765B51-1B72-46A3-A13F-EF5D0E573C9B}.Release|x64.Build.0 = Release|x64
		{3A765B51-1B72-46A3-A13F-EF5D0E573C9B}.Release|x86.ActiveCfg = Release|x86
		{3A765B51-1B72-46A3-A13F-EF5D0E573C9B}.Release|x86.Build.0 = Release|x86
		{0A6D5714-05E5-41EA-AE9F-4ECFFEEEAD38}.Debug|Any CPU.ActiveCfg = Debug|Any CPU
		{0A6D5714-05E5-41EA-AE9F-4ECFFEEEAD38}.Debug|Any CPU.Build.0 = Debug|Any CPU
		{0A6D5714-05E5-41EA-AE9F-4ECFFEEEAD38}.Debug|x64.ActiveCfg = Debug|Any CPU
		{0A6D5714-05E5-41EA-AE9F-4ECFFEEEAD38}.Debug|x64.Build.0 = Debug|Any CPU
		{0A6D5714-05E5-41EA-AE9F-4ECFFEEEAD38}.Debug|x86.ActiveCfg = Debug|Any CPU
		{0A6D5714-05E5-41EA-AE9F-4ECFFEEEAD38}.Debug|x86.Build.0 = Debug|Any CPU
		{0A6D5714-05E5-41EA-AE9F-4ECFFEEEAD38}.Release|Any CPU.ActiveCfg = Release|Any CPU
		{0A6D5714-05E5-41EA-AE9F-4ECFFEEEAD38}.Release|Any CPU.Build.0 = Release|Any CPU
		{0A6D5714-05E5-41EA-AE9F-4ECFFEEEAD38}.Release|x64.ActiveCfg = Release|Any CPU
		{0A6D5714-05E5-41EA-AE9F-4ECFFEEEAD38}.Release|x64.Build.0 = Release|Any CPU
		{0A6D5714-05E5-41EA-AE9F-4ECFFEEEAD38}.Release|x86.ActiveCfg = Release|Any CPU
		{0A6D5714-05E5-41EA-AE9F-4ECFFEEEAD38}.Release|x86.Build.0 = Release|Any CPU
		{E490AD0A-2022-4659-B6DF-095E16C2F969}.Debug|Any CPU.ActiveCfg = Debug|Any CPU
		{E490AD0A-2022-4659-B6DF-095E16C2F969}.Debug|Any CPU.Build.0 = Debug|Any CPU
		{E490AD0A-2022-4659-B6DF-095E16C2F969}.Debug|x64.ActiveCfg = Debug|x64
		{E490AD0A-2022-4659-B6DF-095E16C2F969}.Debug|x64.Build.0 = Debug|x64
		{E490AD0A-2022-4659-B6DF-095E16C2F969}.Debug|x86.ActiveCfg = Debug|x86
		{E490AD0A-2022-4659-B6DF-095E16C2F969}.Debug|x86.Build.0 = Debug|x86
		{E490AD0A-2022-4659-B6DF-095E16C2F969}.Release|Any CPU.ActiveCfg = Release|Any CPU
		{E490AD0A-2022-4659-B6DF-095E16C2F969}.Release|Any CPU.Build.0 = Release|Any CPU
		{E490AD0A-2022-4659-B6DF-095E16C2F969}.Release|x64.ActiveCfg = Release|x64
		{E490AD0A-2022-4659-B6DF-095E16C2F969}.Release|x64.Build.0 = Release|x64
		{E490AD0A-2022-4659-B6DF-095E16C2F969}.Release|x86.ActiveCfg = Release|x86
		{E490AD0A-2022-4659-B6DF-095E16C2F969}.Release|x86.Build.0 = Release|x86
		{8EF3A9F3-099C-484A-89C0-D4924DFA0D05}.Debug|Any CPU.ActiveCfg = Debug|Any CPU
		{8EF3A9F3-099C-484A-89C0-D4924DFA0D05}.Debug|x64.ActiveCfg = Debug|Any CPU
		{8EF3A9F3-099C-484A-89C0-D4924DFA0D05}.Debug|x86.ActiveCfg = Debug|Any CPU
		{8EF3A9F3-099C-484A-89C0-D4924DFA0D05}.Release|Any CPU.ActiveCfg = Release|Any CPU
		{8EF3A9F3-099C-484A-89C0-D4924DFA0D05}.Release|x64.ActiveCfg = Release|Any CPU
		{8EF3A9F3-099C-484A-89C0-D4924DFA0D05}.Release|x86.ActiveCfg = Release|Any CPU
		{D280CFE3-DF71-4F87-9110-6B315F75641E}.Debug|Any CPU.ActiveCfg = Debug|Any CPU
		{D280CFE3-DF71-4F87-9110-6B315F75641E}.Debug|Any CPU.Build.0 = Debug|Any CPU
		{D280CFE3-DF71-4F87-9110-6B315F75641E}.Debug|x64.ActiveCfg = Debug|x64
		{D280CFE3-DF71-4F87-9110-6B315F75641E}.Debug|x64.Build.0 = Debug|x64
		{D280CFE3-DF71-4F87-9110-6B315F75641E}.Debug|x86.ActiveCfg = Debug|x86
		{D280CFE3-DF71-4F87-9110-6B315F75641E}.Debug|x86.Build.0 = Debug|x86
		{D280CFE3-DF71-4F87-9110-6B315F75641E}.Release|Any CPU.ActiveCfg = Release|Any CPU
		{D280CFE3-DF71-4F87-9110-6B315F75641E}.Release|Any CPU.Build.0 = Release|Any CPU
		{D280CFE3-DF71-4F87-9110-6B315F75641E}.Release|x64.ActiveCfg = Release|x64
		{D280CFE3-DF71-4F87-9110-6B315F75641E}.Release|x64.Build.0 = Release|x64
		{D280CFE3-DF71-4F87-9110-6B315F75641E}.Release|x86.ActiveCfg = Release|x86
		{D280CFE3-DF71-4F87-9110-6B315F75641E}.Release|x86.Build.0 = Release|x86
		{2210A283-7A31-46DA-A7D1-F5CEA6172025}.Debug|Any CPU.ActiveCfg = Debug|Any CPU
		{2210A283-7A31-46DA-A7D1-F5CEA6172025}.Debug|x64.ActiveCfg = Debug|Any CPU
		{2210A283-7A31-46DA-A7D1-F5CEA6172025}.Debug|x86.ActiveCfg = Debug|Any CPU
		{2210A283-7A31-46DA-A7D1-F5CEA6172025}.Release|Any CPU.ActiveCfg = Release|Any CPU
		{2210A283-7A31-46DA-A7D1-F5CEA6172025}.Release|x64.ActiveCfg = Release|Any CPU
		{2210A283-7A31-46DA-A7D1-F5CEA6172025}.Release|x86.ActiveCfg = Release|Any CPU
		{3D81BA4A-7D51-487F-9364-CE1F9FC5D0E5}.Debug|Any CPU.ActiveCfg = Debug|Any CPU
		{3D81BA4A-7D51-487F-9364-CE1F9FC5D0E5}.Debug|Any CPU.Build.0 = Debug|Any CPU
		{3D81BA4A-7D51-487F-9364-CE1F9FC5D0E5}.Debug|x64.ActiveCfg = Debug|Any CPU
		{3D81BA4A-7D51-487F-9364-CE1F9FC5D0E5}.Debug|x64.Build.0 = Debug|Any CPU
		{3D81BA4A-7D51-487F-9364-CE1F9FC5D0E5}.Debug|x86.ActiveCfg = Debug|Any CPU
		{3D81BA4A-7D51-487F-9364-CE1F9FC5D0E5}.Debug|x86.Build.0 = Debug|Any CPU
		{3D81BA4A-7D51-487F-9364-CE1F9FC5D0E5}.Release|Any CPU.ActiveCfg = Release|Any CPU
		{3D81BA4A-7D51-487F-9364-CE1F9FC5D0E5}.Release|Any CPU.Build.0 = Release|Any CPU
		{3D81BA4A-7D51-487F-9364-CE1F9FC5D0E5}.Release|x64.ActiveCfg = Release|Any CPU
		{3D81BA4A-7D51-487F-9364-CE1F9FC5D0E5}.Release|x64.Build.0 = Release|Any CPU
		{3D81BA4A-7D51-487F-9364-CE1F9FC5D0E5}.Release|x86.ActiveCfg = Release|Any CPU
		{3D81BA4A-7D51-487F-9364-CE1F9FC5D0E5}.Release|x86.Build.0 = Release|Any CPU
		{856AC890-5A6B-4CF7-838F-111B804A98AD}.Debug|Any CPU.ActiveCfg = Debug|Any CPU
		{856AC890-5A6B-4CF7-838F-111B804A98AD}.Debug|Any CPU.Build.0 = Debug|Any CPU
		{856AC890-5A6B-4CF7-838F-111B804A98AD}.Debug|x64.ActiveCfg = Debug|Any CPU
		{856AC890-5A6B-4CF7-838F-111B804A98AD}.Debug|x64.Build.0 = Debug|Any CPU
		{856AC890-5A6B-4CF7-838F-111B804A98AD}.Debug|x86.ActiveCfg = Debug|Any CPU
		{856AC890-5A6B-4CF7-838F-111B804A98AD}.Debug|x86.Build.0 = Debug|Any CPU
		{856AC890-5A6B-4CF7-838F-111B804A98AD}.Release|Any CPU.ActiveCfg = Release|Any CPU
		{856AC890-5A6B-4CF7-838F-111B804A98AD}.Release|Any CPU.Build.0 = Release|Any CPU
		{856AC890-5A6B-4CF7-838F-111B804A98AD}.Release|x64.ActiveCfg = Release|Any CPU
		{856AC890-5A6B-4CF7-838F-111B804A98AD}.Release|x64.Build.0 = Release|Any CPU
		{856AC890-5A6B-4CF7-838F-111B804A98AD}.Release|x86.ActiveCfg = Release|Any CPU
		{856AC890-5A6B-4CF7-838F-111B804A98AD}.Release|x86.Build.0 = Release|Any CPU
	EndGlobalSection
	GlobalSection(SolutionProperties) = preSolution
		HideSolutionNode = FALSE
	EndGlobalSection
	GlobalSection(NestedProjects) = preSolution
		{0A6D5714-05E5-41EA-AE9F-4ECFFEEEAD38} = {2AADEEB1-7D75-4BDA-8CBC-BD1095D5E079}
		{E490AD0A-2022-4659-B6DF-095E16C2F969} = {2AADEEB1-7D75-4BDA-8CBC-BD1095D5E079}
		{8EF3A9F3-099C-484A-89C0-D4924DFA0D05} = {2AADEEB1-7D75-4BDA-8CBC-BD1095D5E079}
		{D280CFE3-DF71-4F87-9110-6B315F75641E} = {2AADEEB1-7D75-4BDA-8CBC-BD1095D5E079}
		{2210A283-7A31-46DA-A7D1-F5CEA6172025} = {67E7F0CC-836B-4AA9-857A-89B11962B636}
		{3D81BA4A-7D51-487F-9364-CE1F9FC5D0E5} = {67E7F0CC-836B-4AA9-857A-89B11962B636}
		{856AC890-5A6B-4CF7-838F-111B804A98AD} = {2AADEEB1-7D75-4BDA-8CBC-BD1095D5E079}
	EndGlobalSection
EndGlobal
